// !$*UTF8*$!
{
	archiveVersion = 1;
	classes = {
	};
	objectVersion = 46;
	objects = {

/* Begin PBXBuildFile section */
		923D04AF1CEA2D750002E736 /* NSArray+XGUtils.m in Sources */ = {isa = PBXBuildFile; fileRef = 923D04881CEA2D750002E736 /* NSArray+XGUtils.m */; };
		923D04B01CEA2D750002E736 /* NSDate+XGBetween.m in Sources */ = {isa = PBXBuildFile; fileRef = 923D048B1CEA2D750002E736 /* NSDate+XGBetween.m */; };
		923D04B11CEA2D750002E736 /* UIImage+XGUtils.m in Sources */ = {isa = PBXBuildFile; fileRef = 923D048E1CEA2D750002E736 /* UIImage+XGUtils.m */; };
		923D04B21CEA2D750002E736 /* UINavigationController+XGOrientationFix.m in Sources */ = {isa = PBXBuildFile; fileRef = 923D04911CEA2D750002E736 /* UINavigationController+XGOrientationFix.m */; };
		923D04B31CEA2D750002E736 /* UINavigationController+XGTracking.m in Sources */ = {isa = PBXBuildFile; fileRef = 923D04931CEA2D750002E736 /* UINavigationController+XGTracking.m */; };
		923D04B41CEA2D750002E736 /* UIViewController+XGTracking.m in Sources */ = {isa = PBXBuildFile; fileRef = 923D04951CEA2D750002E736 /* UIViewController+XGTracking.m */; };
		923D04B51CEA2D750002E736 /* NSObject+XGCasting.m in Sources */ = {isa = PBXBuildFile; fileRef = 923D04981CEA2D750002E736 /* NSObject+XGCasting.m */; };
		923D04B61CEA2D750002E736 /* NSObject+XGDispatchOnceOnMainThread.m in Sources */ = {isa = PBXBuildFile; fileRef = 923D049A1CEA2D750002E736 /* NSObject+XGDispatchOnceOnMainThread.m */; };
		923D04B71CEA2D750002E736 /* NSObject+XGPropertyHash.m in Sources */ = {isa = PBXBuildFile; fileRef = 923D049C1CEA2D750002E736 /* NSObject+XGPropertyHash.m */; };
		923D04B81CEA2D750002E736 /* NSString+XGMD5.m in Sources */ = {isa = PBXBuildFile; fileRef = 923D049F1CEA2D750002E736 /* NSString+XGMD5.m */; };
		923D04B91CEA2D750002E736 /* UINavigationController+XGCompletionHandler.m in Sources */ = {isa = PBXBuildFile; fileRef = 923D04A21CEA2D750002E736 /* UINavigationController+XGCompletionHandler.m */; };
		923D04BA1CEA2D750002E736 /* UINavigationItem+XGRightItemsPosition.m in Sources */ = {isa = PBXBuildFile; fileRef = 923D04A41CEA2D750002E736 /* UINavigationItem+XGRightItemsPosition.m */; };
		923D04BB1CEA2D750002E736 /* UIView+XGNibLoading.m in Sources */ = {isa = PBXBuildFile; fileRef = 923D04A61CEA2D750002E736 /* UIView+XGNibLoading.m */; };
		923D04BC1CEA2D750002E736 /* UIView+XGRotate.m in Sources */ = {isa = PBXBuildFile; fileRef = 923D04A81CEA2D750002E736 /* UIView+XGRotate.m */; };
		923D04BD1CEA2D750002E736 /* UIView+XGUtils.m in Sources */ = {isa = PBXBuildFile; fileRef = 923D04AA1CEA2D750002E736 /* UIView+XGUtils.m */; };
		923D04BE1CEA2D750002E736 /* UIViewController+XGDismiss.m in Sources */ = {isa = PBXBuildFile; fileRef = 923D04AC1CEA2D750002E736 /* UIViewController+XGDismiss.m */; };
		923D04BF1CEA2D750002E736 /* XGEssentials.m in Sources */ = {isa = PBXBuildFile; fileRef = 923D04AE1CEA2D750002E736 /* XGEssentials.m */; };
		923D04C21CEA2FA30002E736 /* XGRuntimeHelper.m in Sources */ = {isa = PBXBuildFile; fileRef = 923D04C11CEA2FA30002E736 /* XGRuntimeHelper.m */; };
		92E140C81CE9E5DF00DFE379 /* main.m in Sources */ = {isa = PBXBuildFile; fileRef = 92E140C71CE9E5DF00DFE379 /* main.m */; };
		92E140CB1CE9E5DF00DFE379 /* AppDelegate.m in Sources */ = {isa = PBXBuildFile; fileRef = 92E140CA1CE9E5DF00DFE379 /* AppDelegate.m */; };
		92E140CE1CE9E5DF00DFE379 /* ViewController.m in Sources */ = {isa = PBXBuildFile; fileRef = 92E140CD1CE9E5DF00DFE379 /* ViewController.m */; };
		92E140D11CE9E5DF00DFE379 /* Main.storyboard in Resources */ = {isa = PBXBuildFile; fileRef = 92E140CF1CE9E5DF00DFE379 /* Main.storyboard */; };
		92E140D31CE9E5DF00DFE379 /* Assets.xcassets in Resources */ = {isa = PBXBuildFile; fileRef = 92E140D21CE9E5DF00DFE379 /* Assets.xcassets */; };
		92E140D61CE9E5DF00DFE379 /* LaunchScreen.storyboard in Resources */ = {isa = PBXBuildFile; fileRef = 92E140D41CE9E5DF00DFE379 /* LaunchScreen.storyboard */; };
		92E140E11CE9E5E000DFE379 /* XGEssentialsTests.m in Sources */ = {isa = PBXBuildFile; fileRef = 92E140E01CE9E5E000DFE379 /* XGEssentialsTests.m */; };
/* End PBXBuildFile section */

/* Begin PBXContainerItemProxy section */
		92E140DD1CE9E5E000DFE379 /* PBXContainerItemProxy */ = {
			isa = PBXContainerItemProxy;
			containerPortal = 92E140BB1CE9E5DF00DFE379 /* Project object */;
			proxyType = 1;
			remoteGlobalIDString = 92E140C21CE9E5DF00DFE379;
			remoteInfo = XGEssentials;
		};
/* End PBXContainerItemProxy section */

/* Begin PBXFileReference section */
		923D04871CEA2D750002E736 /* NSArray+XGUtils.h */ = {isa = PBXFileReference; fileEncoding = 4; lastKnownFileType = sourcecode.c.h; path = "NSArray+XGUtils.h"; sourceTree = "<group>"; };
		923D04881CEA2D750002E736 /* NSArray+XGUtils.m */ = {isa = PBXFileReference; fileEncoding = 4; lastKnownFileType = sourcecode.c.objc; path = "NSArray+XGUtils.m"; sourceTree = "<group>"; };
		923D048A1CEA2D750002E736 /* NSDate+XGBetween.h */ = {isa = PBXFileReference; fileEncoding = 4; lastKnownFileType = sourcecode.c.h; path = "NSDate+XGBetween.h"; sourceTree = "<group>"; };
		923D048B1CEA2D750002E736 /* NSDate+XGBetween.m */ = {isa = PBXFileReference; fileEncoding = 4; lastKnownFileType = sourcecode.c.objc; path = "NSDate+XGBetween.m"; sourceTree = "<group>"; };
		923D048D1CEA2D750002E736 /* UIImage+XGUtils.h */ = {isa = PBXFileReference; fileEncoding = 4; lastKnownFileType = sourcecode.c.h; path = "UIImage+XGUtils.h"; sourceTree = "<group>"; };
		923D048E1CEA2D750002E736 /* UIImage+XGUtils.m */ = {isa = PBXFileReference; fileEncoding = 4; lastKnownFileType = sourcecode.c.objc; path = "UIImage+XGUtils.m"; sourceTree = "<group>"; };
		923D04901CEA2D750002E736 /* UINavigationController+XGOrientationFix.h */ = {isa = PBXFileReference; fileEncoding = 4; lastKnownFileType = sourcecode.c.h; path = "UINavigationController+XGOrientationFix.h"; sourceTree = "<group>"; };
		923D04911CEA2D750002E736 /* UINavigationController+XGOrientationFix.m */ = {isa = PBXFileReference; fileEncoding = 4; lastKnownFileType = sourcecode.c.objc; path = "UINavigationController+XGOrientationFix.m"; sourceTree = "<group>"; };
		923D04921CEA2D750002E736 /* UINavigationController+XGTracking.h */ = {isa = PBXFileReference; fileEncoding = 4; lastKnownFileType = sourcecode.c.h; path = "UINavigationController+XGTracking.h"; sourceTree = "<group>"; };
		923D04931CEA2D750002E736 /* UINavigationController+XGTracking.m */ = {isa = PBXFileReference; fileEncoding = 4; lastKnownFileType = sourcecode.c.objc; path = "UINavigationController+XGTracking.m"; sourceTree = "<group>"; };
		923D04941CEA2D750002E736 /* UIViewController+XGTracking.h */ = {isa = PBXFileReference; fileEncoding = 4; lastKnownFileType = sourcecode.c.h; path = "UIViewController+XGTracking.h"; sourceTree = "<group>"; };
		923D04951CEA2D750002E736 /* UIViewController+XGTracking.m */ = {isa = PBXFileReference; fileEncoding = 4; lastKnownFileType = sourcecode.c.objc; path = "UIViewController+XGTracking.m"; sourceTree = "<group>"; };
		923D04971CEA2D750002E736 /* NSObject+XGCasting.h */ = {isa = PBXFileReference; fileEncoding = 4; lastKnownFileType = sourcecode.c.h; path = "NSObject+XGCasting.h"; sourceTree = "<group>"; };
		923D04981CEA2D750002E736 /* NSObject+XGCasting.m */ = {isa = PBXFileReference; fileEncoding = 4; lastKnownFileType = sourcecode.c.objc; path = "NSObject+XGCasting.m"; sourceTree = "<group>"; };
		923D04991CEA2D750002E736 /* NSObject+XGDispatchOnceOnMainThread.h */ = {isa = PBXFileReference; fileEncoding = 4; lastKnownFileType = sourcecode.c.h; path = "NSObject+XGDispatchOnceOnMainThread.h"; sourceTree = "<group>"; };
		923D049A1CEA2D750002E736 /* NSObject+XGDispatchOnceOnMainThread.m */ = {isa = PBXFileReference; fileEncoding = 4; lastKnownFileType = sourcecode.c.objc; path = "NSObject+XGDispatchOnceOnMainThread.m"; sourceTree = "<group>"; };
		923D049B1CEA2D750002E736 /* NSObject+XGPropertyHash.h */ = {isa = PBXFileReference; fileEncoding = 4; lastKnownFileType = sourcecode.c.h; path = "NSObject+XGPropertyHash.h"; sourceTree = "<group>"; };
		923D049C1CEA2D750002E736 /* NSObject+XGPropertyHash.m */ = {isa = PBXFileReference; fileEncoding = 4; lastKnownFileType = sourcecode.c.objc; path = "NSObject+XGPropertyHash.m"; sourceTree = "<group>"; };
		923D049E1CEA2D750002E736 /* NSString+XGMD5.h */ = {isa = PBXFileReference; fileEncoding = 4; lastKnownFileType = sourcecode.c.h; path = "NSString+XGMD5.h"; sourceTree = "<group>"; };
		923D049F1CEA2D750002E736 /* NSString+XGMD5.m */ = {isa = PBXFileReference; fileEncoding = 4; lastKnownFileType = sourcecode.c.objc; path = "NSString+XGMD5.m"; sourceTree = "<group>"; };
		923D04A11CEA2D750002E736 /* UINavigationController+XGCompletionHandler.h */ = {isa = PBXFileReference; fileEncoding = 4; lastKnownFileType = sourcecode.c.h; path = "UINavigationController+XGCompletionHandler.h"; sourceTree = "<group>"; };
		923D04A21CEA2D750002E736 /* UINavigationController+XGCompletionHandler.m */ = {isa = PBXFileReference; fileEncoding = 4; lastKnownFileType = sourcecode.c.objc; path = "UINavigationController+XGCompletionHandler.m"; sourceTree = "<group>"; };
		923D04A31CEA2D750002E736 /* UINavigationItem+XGRightItemsPosition.h */ = {isa = PBXFileReference; fileEncoding = 4; lastKnownFileType = sourcecode.c.h; path = "UINavigationItem+XGRightItemsPosition.h"; sourceTree = "<group>"; };
		923D04A41CEA2D750002E736 /* UINavigationItem+XGRightItemsPosition.m */ = {isa = PBXFileReference; fileEncoding = 4; lastKnownFileType = sourcecode.c.objc; path = "UINavigationItem+XGRightItemsPosition.m"; sourceTree = "<group>"; };
		923D04A51CEA2D750002E736 /* UIView+XGNibLoading.h */ = {isa = PBXFileReference; fileEncoding = 4; lastKnownFileType = sourcecode.c.h; path = "UIView+XGNibLoading.h"; sourceTree = "<group>"; };
		923D04A61CEA2D750002E736 /* UIView+XGNibLoading.m */ = {isa = PBXFileReference; fileEncoding = 4; lastKnownFileType = sourcecode.c.objc; path = "UIView+XGNibLoading.m"; sourceTree = "<group>"; };
		923D04A71CEA2D750002E736 /* UIView+XGRotate.h */ = {isa = PBXFileReference; fileEncoding = 4; lastKnownFileType = sourcecode.c.h; path = "UIView+XGRotate.h"; sourceTree = "<group>"; };
		923D04A81CEA2D750002E736 /* UIView+XGRotate.m */ = {isa = PBXFileReference; fileEncoding = 4; lastKnownFileType = sourcecode.c.objc; path = "UIView+XGRotate.m"; sourceTree = "<group>"; };
		923D04A91CEA2D750002E736 /* UIView+XGUtils.h */ = {isa = PBXFileReference; fileEncoding = 4; lastKnownFileType = sourcecode.c.h; path = "UIView+XGUtils.h"; sourceTree = "<group>"; };
		923D04AA1CEA2D750002E736 /* UIView+XGUtils.m */ = {isa = PBXFileReference; fileEncoding = 4; lastKnownFileType = sourcecode.c.objc; path = "UIView+XGUtils.m"; sourceTree = "<group>"; };
		923D04AB1CEA2D750002E736 /* UIViewController+XGDismiss.h */ = {isa = PBXFileReference; fileEncoding = 4; lastKnownFileType = sourcecode.c.h; path = "UIViewController+XGDismiss.h"; sourceTree = "<group>"; };
		923D04AC1CEA2D750002E736 /* UIViewController+XGDismiss.m */ = {isa = PBXFileReference; fileEncoding = 4; lastKnownFileType = sourcecode.c.objc; path = "UIViewController+XGDismiss.m"; sourceTree = "<group>"; };
		923D04AD1CEA2D750002E736 /* XGEssentials.h */ = {isa = PBXFileReference; fileEncoding = 4; lastKnownFileType = sourcecode.c.h; path = XGEssentials.h; sourceTree = "<group>"; };
		923D04AE1CEA2D750002E736 /* XGEssentials.m */ = {isa = PBXFileReference; fileEncoding = 4; lastKnownFileType = sourcecode.c.objc; path = XGEssentials.m; sourceTree = "<group>"; };
		923D04C01CEA2FA30002E736 /* XGRuntimeHelper.h */ = {isa = PBXFileReference; fileEncoding = 4; lastKnownFileType = sourcecode.c.h; path = XGRuntimeHelper.h; sourceTree = "<group>"; };
		923D04C11CEA2FA30002E736 /* XGRuntimeHelper.m */ = {isa = PBXFileReference; fileEncoding = 4; lastKnownFileType = sourcecode.c.objc; path = XGRuntimeHelper.m; sourceTree = "<group>"; };
		923D04C31CEA31070002E736 /* XGEssentialsDefines.h */ = {isa = PBXFileReference; lastKnownFileType = sourcecode.c.h; path = XGEssentialsDefines.h; sourceTree = "<group>"; };
		92E140C31CE9E5DF00DFE379 /* XGEssentials.app */ = {isa = PBXFileReference; explicitFileType = wrapper.application; includeInIndex = 0; path = XGEssentials.app; sourceTree = BUILT_PRODUCTS_DIR; };
		92E140C71CE9E5DF00DFE379 /* main.m */ = {isa = PBXFileReference; lastKnownFileType = sourcecode.c.objc; path = main.m; sourceTree = "<group>"; };
		92E140C91CE9E5DF00DFE379 /* AppDelegate.h */ = {isa = PBXFileReference; lastKnownFileType = sourcecode.c.h; path = AppDelegate.h; sourceTree = "<group>"; };
		92E140CA1CE9E5DF00DFE379 /* AppDelegate.m */ = {isa = PBXFileReference; lastKnownFileType = sourcecode.c.objc; path = AppDelegate.m; sourceTree = "<group>"; };
		92E140CC1CE9E5DF00DFE379 /* ViewController.h */ = {isa = PBXFileReference; lastKnownFileType = sourcecode.c.h; path = ViewController.h; sourceTree = "<group>"; };
		92E140CD1CE9E5DF00DFE379 /* ViewController.m */ = {isa = PBXFileReference; lastKnownFileType = sourcecode.c.objc; path = ViewController.m; sourceTree = "<group>"; };
		92E140D01CE9E5DF00DFE379 /* Base */ = {isa = PBXFileReference; lastKnownFileType = file.storyboard; name = Base; path = Base.lproj/Main.storyboard; sourceTree = "<group>"; };
		92E140D21CE9E5DF00DFE379 /* Assets.xcassets */ = {isa = PBXFileReference; lastKnownFileType = folder.assetcatalog; path = Assets.xcassets; sourceTree = "<group>"; };
		92E140D51CE9E5DF00DFE379 /* Base */ = {isa = PBXFileReference; lastKnownFileType = file.storyboard; name = Base; path = Base.lproj/LaunchScreen.storyboard; sourceTree = "<group>"; };
		92E140D71CE9E5DF00DFE379 /* Info.plist */ = {isa = PBXFileReference; lastKnownFileType = text.plist.xml; path = Info.plist; sourceTree = "<group>"; };
		92E140DC1CE9E5E000DFE379 /* XGEssentialsTests.xctest */ = {isa = PBXFileReference; explicitFileType = wrapper.cfbundle; includeInIndex = 0; path = XGEssentialsTests.xctest; sourceTree = BUILT_PRODUCTS_DIR; };
		92E140E01CE9E5E000DFE379 /* XGEssentialsTests.m */ = {isa = PBXFileReference; lastKnownFileType = sourcecode.c.objc; path = XGEssentialsTests.m; sourceTree = "<group>"; };
		92E140E21CE9E5E000DFE379 /* Info.plist */ = {isa = PBXFileReference; lastKnownFileType = text.plist.xml; path = Info.plist; sourceTree = "<group>"; };
/* End PBXFileReference section */

/* Begin PBXFrameworksBuildPhase section */
		92E140C01CE9E5DF00DFE379 /* Frameworks */ = {
			isa = PBXFrameworksBuildPhase;
			buildActionMask = 2147483647;
			files = (
			);
			runOnlyForDeploymentPostprocessing = 0;
		};
		92E140D91CE9E5E000DFE379 /* Frameworks */ = {
			isa = PBXFrameworksBuildPhase;
			buildActionMask = 2147483647;
			files = (
			);
			runOnlyForDeploymentPostprocessing = 0;
		};
/* End PBXFrameworksBuildPhase section */

/* Begin PBXGroup section */
		923D04851CEA2D750002E736 /* Code */ = {
			isa = PBXGroup;
			children = (
				923D04861CEA2D750002E736 /* Arrays */,
				923D04891CEA2D750002E736 /* Etc */,
				923D048C1CEA2D750002E736 /* Graphics */,
				923D048F1CEA2D750002E736 /* Hacks */,
				923D04961CEA2D750002E736 /* Objects */,
				923D049D1CEA2D750002E736 /* Strings */,
				923D04A01CEA2D750002E736 /* UI */,
				923D04AD1CEA2D750002E736 /* XGEssentials.h */,
				923D04AE1CEA2D750002E736 /* XGEssentials.m */,
				923D04C31CEA31070002E736 /* XGEssentialsDefines.h */,
			);
			path = Code;
			sourceTree = "<group>";
		};
		923D04861CEA2D750002E736 /* Arrays */ = {
			isa = PBXGroup;
			children = (
				923D04871CEA2D750002E736 /* NSArray+XGUtils.h */,
				923D04881CEA2D750002E736 /* NSArray+XGUtils.m */,
			);
			path = Arrays;
			sourceTree = "<group>";
		};
		923D04891CEA2D750002E736 /* Etc */ = {
			isa = PBXGroup;
			children = (
				923D048A1CEA2D750002E736 /* NSDate+XGBetween.h */,
				923D048B1CEA2D750002E736 /* NSDate+XGBetween.m */,
			);
			path = Etc;
			sourceTree = "<group>";
		};
		923D048C1CEA2D750002E736 /* Graphics */ = {
			isa = PBXGroup;
			children = (
				923D048D1CEA2D750002E736 /* UIImage+XGUtils.h */,
				923D048E1CEA2D750002E736 /* UIImage+XGUtils.m */,
			);
			path = Graphics;
			sourceTree = "<group>";
		};
		923D048F1CEA2D750002E736 /* Hacks */ = {
			isa = PBXGroup;
			children = (
				923D04901CEA2D750002E736 /* UINavigationController+XGOrientationFix.h */,
				923D04911CEA2D750002E736 /* UINavigationController+XGOrientationFix.m */,
				923D04921CEA2D750002E736 /* UINavigationController+XGTracking.h */,
				923D04931CEA2D750002E736 /* UINavigationController+XGTracking.m */,
				923D04941CEA2D750002E736 /* UIViewController+XGTracking.h */,
				923D04951CEA2D750002E736 /* UIViewController+XGTracking.m */,
				923D04C01CEA2FA30002E736 /* XGRuntimeHelper.h */,
				923D04C11CEA2FA30002E736 /* XGRuntimeHelper.m */,
			);
			path = Hacks;
			sourceTree = "<group>";
		};
		923D04961CEA2D750002E736 /* Objects */ = {
			isa = PBXGroup;
			children = (
				923D04971CEA2D750002E736 /* NSObject+XGCasting.h */,
				923D04981CEA2D750002E736 /* NSObject+XGCasting.m */,
				923D04991CEA2D750002E736 /* NSObject+XGDispatchOnceOnMainThread.h */,
				923D049A1CEA2D750002E736 /* NSObject+XGDispatchOnceOnMainThread.m */,
				923D049B1CEA2D750002E736 /* NSObject+XGPropertyHash.h */,
				923D049C1CEA2D750002E736 /* NSObject+XGPropertyHash.m */,
			);
			path = Objects;
			sourceTree = "<group>";
		};
		923D049D1CEA2D750002E736 /* Strings */ = {
			isa = PBXGroup;
			children = (
				923D049E1CEA2D750002E736 /* NSString+XGMD5.h */,
				923D049F1CEA2D750002E736 /* NSString+XGMD5.m */,
			);
			path = Strings;
			sourceTree = "<group>";
		};
		923D04A01CEA2D750002E736 /* UI */ = {
			isa = PBXGroup;
			children = (
				923D04A11CEA2D750002E736 /* UINavigationController+XGCompletionHandler.h */,
				923D04A21CEA2D750002E736 /* UINavigationController+XGCompletionHandler.m */,
				923D04A31CEA2D750002E736 /* UINavigationItem+XGRightItemsPosition.h */,
				923D04A41CEA2D750002E736 /* UINavigationItem+XGRightItemsPosition.m */,
				923D04A51CEA2D750002E736 /* UIView+XGNibLoading.h */,
				923D04A61CEA2D750002E736 /* UIView+XGNibLoading.m */,
				923D04A71CEA2D750002E736 /* UIView+XGRotate.h */,
				923D04A81CEA2D750002E736 /* UIView+XGRotate.m */,
				923D04A91CEA2D750002E736 /* UIView+XGUtils.h */,
				923D04AA1CEA2D750002E736 /* UIView+XGUtils.m */,
				923D04AB1CEA2D750002E736 /* UIViewController+XGDismiss.h */,
				923D04AC1CEA2D750002E736 /* UIViewController+XGDismiss.m */,
			);
			path = UI;
			sourceTree = "<group>";
		};
		92E140BA1CE9E5DF00DFE379 = {
			isa = PBXGroup;
			children = (
				92E140C51CE9E5DF00DFE379 /* XGEssentials */,
				92E140DF1CE9E5E000DFE379 /* XGEssentialsTests */,
				92E140C41CE9E5DF00DFE379 /* Products */,
			);
			sourceTree = "<group>";
		};
		92E140C41CE9E5DF00DFE379 /* Products */ = {
			isa = PBXGroup;
			children = (
				92E140C31CE9E5DF00DFE379 /* XGEssentials.app */,
				92E140DC1CE9E5E000DFE379 /* XGEssentialsTests.xctest */,
			);
			name = Products;
			sourceTree = "<group>";
		};
		92E140C51CE9E5DF00DFE379 /* XGEssentials */ = {
			isa = PBXGroup;
			children = (
				92E140C91CE9E5DF00DFE379 /* AppDelegate.h */,
				92E140CA1CE9E5DF00DFE379 /* AppDelegate.m */,
				92E140CC1CE9E5DF00DFE379 /* ViewController.h */,
				92E140CD1CE9E5DF00DFE379 /* ViewController.m */,
				92E140CF1CE9E5DF00DFE379 /* Main.storyboard */,
				92E140D21CE9E5DF00DFE379 /* Assets.xcassets */,
				92E140D41CE9E5DF00DFE379 /* LaunchScreen.storyboard */,
				92E140D71CE9E5DF00DFE379 /* Info.plist */,
				923D04851CEA2D750002E736 /* Code */,
				92E140C61CE9E5DF00DFE379 /* Supporting Files */,
			);
			path = XGEssentials;
			sourceTree = "<group>";
		};
		92E140C61CE9E5DF00DFE379 /* Supporting Files */ = {
			isa = PBXGroup;
			children = (
				92E140C71CE9E5DF00DFE379 /* main.m */,
			);
			name = "Supporting Files";
			sourceTree = "<group>";
		};
		92E140DF1CE9E5E000DFE379 /* XGEssentialsTests */ = {
			isa = PBXGroup;
			children = (
				92E140E01CE9E5E000DFE379 /* XGEssentialsTests.m */,
				92E140E21CE9E5E000DFE379 /* Info.plist */,
			);
			path = XGEssentialsTests;
			sourceTree = "<group>";
		};
/* End PBXGroup section */

/* Begin PBXNativeTarget section */
		92E140C21CE9E5DF00DFE379 /* XGEssentials */ = {
			isa = PBXNativeTarget;
			buildConfigurationList = 92E140E51CE9E5E000DFE379 /* Build configuration list for PBXNativeTarget "XGEssentials" */;
			buildPhases = (
				92E140BF1CE9E5DF00DFE379 /* Sources */,
				92E140C01CE9E5DF00DFE379 /* Frameworks */,
				92E140C11CE9E5DF00DFE379 /* Resources */,
			);
			buildRules = (
			);
			dependencies = (
			);
			name = XGEssentials;
			productName = XGEssentials;
			productReference = 92E140C31CE9E5DF00DFE379 /* XGEssentials.app */;
			productType = "com.apple.product-type.application";
		};
		92E140DB1CE9E5E000DFE379 /* XGEssentialsTests */ = {
			isa = PBXNativeTarget;
			buildConfigurationList = 92E140E81CE9E5E000DFE379 /* Build configuration list for PBXNativeTarget "XGEssentialsTests" */;
			buildPhases = (
				92E140D81CE9E5E000DFE379 /* Sources */,
				92E140D91CE9E5E000DFE379 /* Frameworks */,
				92E140DA1CE9E5E000DFE379 /* Resources */,
			);
			buildRules = (
			);
			dependencies = (
				92E140DE1CE9E5E000DFE379 /* PBXTargetDependency */,
			);
			name = XGEssentialsTests;
			productName = XGEssentialsTests;
			productReference = 92E140DC1CE9E5E000DFE379 /* XGEssentialsTests.xctest */;
			productType = "com.apple.product-type.bundle.unit-test";
		};
/* End PBXNativeTarget section */

/* Begin PBXProject section */
		92E140BB1CE9E5DF00DFE379 /* Project object */ = {
			isa = PBXProject;
			attributes = {
				LastUpgradeCheck = 0730;
				TargetAttributes = {
					92E140C21CE9E5DF00DFE379 = {
						CreatedOnToolsVersion = 7.3.1;
					};
					92E140DB1CE9E5E000DFE379 = {
						CreatedOnToolsVersion = 7.3.1;
						TestTargetID = 92E140C21CE9E5DF00DFE379;
					};
				};
			};
			buildConfigurationList = 92E140BE1CE9E5DF00DFE379 /* Build configuration list for PBXProject "XGEssentials" */;
			compatibilityVersion = "Xcode 3.2";
			developmentRegion = English;
			hasScannedForEncodings = 0;
			knownRegions = (
				en,
				Base,
			);
			mainGroup = 92E140BA1CE9E5DF00DFE379;
			productRefGroup = 92E140C41CE9E5DF00DFE379 /* Products */;
			projectDirPath = "";
			projectRoot = "";
			targets = (
				92E140C21CE9E5DF00DFE379 /* XGEssentials */,
				92E140DB1CE9E5E000DFE379 /* XGEssentialsTests */,
			);
		};
/* End PBXProject section */

/* Begin PBXResourcesBuildPhase section */
		92E140C11CE9E5DF00DFE379 /* Resources */ = {
			isa = PBXResourcesBuildPhase;
			buildActionMask = 2147483647;
			files = (
				92E140D61CE9E5DF00DFE379 /* LaunchScreen.storyboard in Resources */,
				92E140D31CE9E5DF00DFE379 /* Assets.xcassets in Resources */,
				92E140D11CE9E5DF00DFE379 /* Main.storyboard in Resources */,
			);
			runOnlyForDeploymentPostprocessing = 0;
		};
		92E140DA1CE9E5E000DFE379 /* Resources */ = {
			isa = PBXResourcesBuildPhase;
			buildActionMask = 2147483647;
			files = (
			);
			runOnlyForDeploymentPostprocessing = 0;
		};
/* End PBXResourcesBuildPhase section */

/* Begin PBXSourcesBuildPhase section */
		92E140BF1CE9E5DF00DFE379 /* Sources */ = {
			isa = PBXSourcesBuildPhase;
			buildActionMask = 2147483647;
			files = (
				92E140CE1CE9E5DF00DFE379 /* ViewController.m in Sources */,
				923D04BC1CEA2D750002E736 /* UIView+XGRotate.m in Sources */,
				923D04B81CEA2D750002E736 /* NSString+XGMD5.m in Sources */,
				923D04B21CEA2D750002E736 /* UINavigationController+XGOrientationFix.m in Sources */,
				923D04BE1CEA2D750002E736 /* UIViewController+XGDismiss.m in Sources */,
				923D04B61CEA2D750002E736 /* NSObject+XGDispatchOnceOnMainThread.m in Sources */,
				92E140CB1CE9E5DF00DFE379 /* AppDelegate.m in Sources */,
				92E140C81CE9E5DF00DFE379 /* main.m in Sources */,
				923D04B31CEA2D750002E736 /* UINavigationController+XGTracking.m in Sources */,
				923D04B11CEA2D750002E736 /* UIImage+XGUtils.m in Sources */,
				923D04BA1CEA2D750002E736 /* UINavigationItem+XGRightItemsPosition.m in Sources */,
				923D04BB1CEA2D750002E736 /* UIView+XGNibLoading.m in Sources */,
				923D04B91CEA2D750002E736 /* UINavigationController+XGCompletionHandler.m in Sources */,
				923D04C21CEA2FA30002E736 /* XGRuntimeHelper.m in Sources */,
				923D04BD1CEA2D750002E736 /* UIView+XGUtils.m in Sources */,
				923D04B51CEA2D750002E736 /* NSObject+XGCasting.m in Sources */,
				923D04B01CEA2D750002E736 /* NSDate+XGBetween.m in Sources */,
				923D04AF1CEA2D750002E736 /* NSArray+XGUtils.m in Sources */,
				923D04B41CEA2D750002E736 /* UIViewController+XGTracking.m in Sources */,
				923D04B71CEA2D750002E736 /* NSObject+XGPropertyHash.m in Sources */,
				923D04BF1CEA2D750002E736 /* XGEssentials.m in Sources */,
			);
			runOnlyForDeploymentPostprocessing = 0;
		};
		92E140D81CE9E5E000DFE379 /* Sources */ = {
			isa = PBXSourcesBuildPhase;
			buildActionMask = 2147483647;
			files = (
				92E140E11CE9E5E000DFE379 /* XGEssentialsTests.m in Sources */,
			);
			runOnlyForDeploymentPostprocessing = 0;
		};
/* End PBXSourcesBuildPhase section */

/* Begin PBXTargetDependency section */
		92E140DE1CE9E5E000DFE379 /* PBXTargetDependency */ = {
			isa = PBXTargetDependency;
			target = 92E140C21CE9E5DF00DFE379 /* XGEssentials */;
			targetProxy = 92E140DD1CE9E5E000DFE379 /* PBXContainerItemProxy */;
		};
/* End PBXTargetDependency section */

/* Begin PBXVariantGroup section */
		92E140CF1CE9E5DF00DFE379 /* Main.storyboard */ = {
			isa = PBXVariantGroup;
			children = (
				92E140D01CE9E5DF00DFE379 /* Base */,
			);
			name = Main.storyboard;
			sourceTree = "<group>";
		};
		92E140D41CE9E5DF00DFE379 /* LaunchScreen.storyboard */ = {
			isa = PBXVariantGroup;
			children = (
				92E140D51CE9E5DF00DFE379 /* Base */,
			);
			name = LaunchScreen.storyboard;
			sourceTree = "<group>";
		};
/* End PBXVariantGroup section */

/* Begin XCBuildConfiguration section */
		92E140E31CE9E5E000DFE379 /* Debug */ = {
			isa = XCBuildConfiguration;
			buildSettings = {
				ALWAYS_SEARCH_USER_PATHS = NO;
				CLANG_ANALYZER_NONNULL = YES;
				CLANG_CXX_LANGUAGE_STANDARD = "gnu++0x";
				CLANG_CXX_LIBRARY = "libc++";
				CLANG_ENABLE_MODULES = YES;
				CLANG_ENABLE_OBJC_ARC = YES;
				CLANG_WARN_BOOL_CONVERSION = YES;
				CLANG_WARN_CONSTANT_CONVERSION = YES;
				CLANG_WARN_DIRECT_OBJC_ISA_USAGE = YES_ERROR;
				CLANG_WARN_EMPTY_BODY = YES;
				CLANG_WARN_ENUM_CONVERSION = YES;
				CLANG_WARN_INT_CONVERSION = YES;
				CLANG_WARN_OBJC_ROOT_CLASS = YES_ERROR;
				CLANG_WARN_UNREACHABLE_CODE = YES;
				CLANG_WARN__DUPLICATE_METHOD_MATCH = YES;
				"CODE_SIGN_IDENTITY[sdk=iphoneos*]" = "iPhone Developer";
				COPY_PHASE_STRIP = NO;
				DEBUG_INFORMATION_FORMAT = dwarf;
				ENABLE_STRICT_OBJC_MSGSEND = YES;
				ENABLE_TESTABILITY = YES;
				GCC_C_LANGUAGE_STANDARD = gnu99;
				GCC_DYNAMIC_NO_PIC = NO;
				GCC_NO_COMMON_BLOCKS = YES;
				GCC_OPTIMIZATION_LEVEL = 0;
				GCC_PREPROCESSOR_DEFINITIONS = (
					"DEBUG=1",
					"$(inherited)",
				);
				GCC_WARN_64_TO_32_BIT_CONVERSION = YES;
				GCC_WARN_ABOUT_RETURN_TYPE = YES_ERROR;
				GCC_WARN_UNDECLARED_SELECTOR = YES;
				GCC_WARN_UNINITIALIZED_AUTOS = YES_AGGRESSIVE;
				GCC_WARN_UNUSED_FUNCTION = YES;
				GCC_WARN_UNUSED_VARIABLE = YES;
				IPHONEOS_DEPLOYMENT_TARGET = 9.3;
				MTL_ENABLE_DEBUG_INFO = YES;
				ONLY_ACTIVE_ARCH = YES;
				SDKROOT = iphoneos;
			};
			name = Debug;
		};
		92E140E41CE9E5E000DFE379 /* Release */ = {
			isa = XCBuildConfiguration;
			buildSettings = {
				ALWAYS_SEARCH_USER_PATHS = NO;
				CLANG_ANALYZER_NONNULL = YES;
				CLANG_CXX_LANGUAGE_STANDARD = "gnu++0x";
				CLANG_CXX_LIBRARY = "libc++";
				CLANG_ENABLE_MODULES = YES;
				CLANG_ENABLE_OBJC_ARC = YES;
				CLANG_WARN_BOOL_CONVERSION = YES;
				CLANG_WARN_CONSTANT_CONVERSION = YES;
				CLANG_WARN_DIRECT_OBJC_ISA_USAGE = YES_ERROR;
				CLANG_WARN_EMPTY_BODY = YES;
				CLANG_WARN_ENUM_CONVERSION = YES;
				CLANG_WARN_INT_CONVERSION = YES;
				CLANG_WARN_OBJC_ROOT_CLASS = YES_ERROR;
				CLANG_WARN_UNREACHABLE_CODE = YES;
				CLANG_WARN__DUPLICATE_METHOD_MATCH = YES;
				"CODE_SIGN_IDENTITY[sdk=iphoneos*]" = "iPhone Developer";
				COPY_PHASE_STRIP = NO;
				DEBUG_INFORMATION_FORMAT = "dwarf-with-dsym";
				ENABLE_NS_ASSERTIONS = NO;
				ENABLE_STRICT_OBJC_MSGSEND = YES;
				GCC_C_LANGUAGE_STANDARD = gnu99;
				GCC_NO_COMMON_BLOCKS = YES;
				GCC_WARN_64_TO_32_BIT_CONVERSION = YES;
				GCC_WARN_ABOUT_RETURN_TYPE = YES_ERROR;
				GCC_WARN_UNDECLARED_SELECTOR = YES;
				GCC_WARN_UNINITIALIZED_AUTOS = YES_AGGRESSIVE;
				GCC_WARN_UNUSED_FUNCTION = YES;
				GCC_WARN_UNUSED_VARIABLE = YES;
				IPHONEOS_DEPLOYMENT_TARGET = 9.3;
				MTL_ENABLE_DEBUG_INFO = NO;
				SDKROOT = iphoneos;
				VALIDATE_PRODUCT = YES;
			};
			name = Release;
		};
		92E140E61CE9E5E000DFE379 /* Debug */ = {
			isa = XCBuildConfiguration;
			buildSettings = {
				ASSETCATALOG_COMPILER_APPICON_NAME = AppIcon;
				INFOPLIST_FILE = XGEssentials/Info.plist;
				LD_RUNPATH_SEARCH_PATHS = "$(inherited) @executable_path/Frameworks";
				PRODUCT_BUNDLE_IDENTIFIER = name.xtinger.essentials.XGEssentials;
				PRODUCT_NAME = "$(TARGET_NAME)";
			};
			name = Debug;
		};
		92E140E71CE9E5E000DFE379 /* Release */ = {
			isa = XCBuildConfiguration;
			buildSettings = {
				ASSETCATALOG_COMPILER_APPICON_NAME = AppIcon;
				INFOPLIST_FILE = XGEssentials/Info.plist;
				LD_RUNPATH_SEARCH_PATHS = "$(inherited) @executable_path/Frameworks";
				PRODUCT_BUNDLE_IDENTIFIER = name.xtinger.essentials.XGEssentials;
				PRODUCT_NAME = "$(TARGET_NAME)";
			};
			name = Release;
		};
		92E140E91CE9E5E000DFE379 /* Debug */ = {
			isa = XCBuildConfiguration;
			buildSettings = {
				BUNDLE_LOADER = "$(TEST_HOST)";
				INFOPLIST_FILE = XGEssentialsTests/Info.plist;
				LD_RUNPATH_SEARCH_PATHS = "$(inherited) @executable_path/Frameworks @loader_path/Frameworks";
				PRODUCT_BUNDLE_IDENTIFIER = name.xtinger.essentials.XGEssentialsTests;
				PRODUCT_NAME = "$(TARGET_NAME)";
				TEST_HOST = "$(BUILT_PRODUCTS_DIR)/XGEssentials.app/XGEssentials";
			};
			name = Debug;
		};
		92E140EA1CE9E5E000DFE379 /* Release */ = {
			isa = XCBuildConfiguration;
			buildSettings = {
				BUNDLE_LOADER = "$(TEST_HOST)";
				INFOPLIST_FILE = XGEssentialsTests/Info.plist;
				LD_RUNPATH_SEARCH_PATHS = "$(inherited) @executable_path/Frameworks @loader_path/Frameworks";
				PRODUCT_BUNDLE_IDENTIFIER = name.xtinger.essentials.XGEssentialsTests;
				PRODUCT_NAME = "$(TARGET_NAME)";
				TEST_HOST = "$(BUILT_PRODUCTS_DIR)/XGEssentials.app/XGEssentials";
			};
			name = Release;
		};
/* End XCBuildConfiguration section */

/* Begin XCConfigurationList section */
		92E140BE1CE9E5DF00DFE379 /* Build configuration list for PBXProject "XGEssentials" */ = {
			isa = XCConfigurationList;
			buildConfigurations = (
				92E140E31CE9E5E000DFE379 /* Debug */,
				92E140E41CE9E5E000DFE379 /* Release */,
			);
			defaultConfigurationIsVisible = 0;
			defaultConfigurationName = Release;
		};
		92E140E51CE9E5E000DFE379 /* Build configuration list for PBXNativeTarget "XGEssentials" */ = {
			isa = XCConfigurationList;
			buildConfigurations = (
				92E140E61CE9E5E000DFE379 /* Debug */,
				92E140E71CE9E5E000DFE379 /* Release */,
			);
			defaultConfigurationIsVisible = 0;
			defaultConfigurationName = Release;
		};
		92E140E81CE9E5E000DFE379 /* Build configuration list for PBXNativeTarget "XGEssentialsTests" */ = {
			isa = XCConfigurationList;
			buildConfigurations = (
				92E140E91CE9E5E000DFE379 /* Debug */,
				92E140EA1CE9E5E000DFE379 /* Release */,
			);
			defaultConfigurationIsVisible = 0;
			defaultConfigurationName = Release;
		};
/* End XCConfigurationList section */
	};
	rootObject = 92E140BB1CE9E5DF00DFE379 /* Project object */;
}
