// !$*UTF8*$!
{
	archiveVersion = 1;
	classes = {
	};
	objectVersion = 46;
	objects = {

/* Begin PBXBuildFile section */
		925F241A1F1513EE006C44A2 /* XGActivityIndicatorAnimationProtocol.h in Headers */ = {isa = PBXBuildFile; fileRef = 925F23A31F1513EE006C44A2 /* XGActivityIndicatorAnimationProtocol.h */; settings = {ATTRIBUTES = (Public, ); }; };
		925F241B1F1513EE006C44A2 /* XGRotatingImageActivityIndicatorView.h in Headers */ = {isa = PBXBuildFile; fileRef = 925F23A41F1513EE006C44A2 /* XGRotatingImageActivityIndicatorView.h */; settings = {ATTRIBUTES = (Public, ); }; };
		925F241C1F1513EE006C44A2 /* XGRotatingImageActivityIndicatorView.m in Sources */ = {isa = PBXBuildFile; fileRef = 925F23A51F1513EE006C44A2 /* XGRotatingImageActivityIndicatorView.m */; };
		925F241D1F1513EE006C44A2 /* XGRotatingImageAnimation.h in Headers */ = {isa = PBXBuildFile; fileRef = 925F23A61F1513EE006C44A2 /* XGRotatingImageAnimation.h */; settings = {ATTRIBUTES = (Public, ); }; };
		925F241E1F1513EE006C44A2 /* XGRotatingImageAnimation.m in Sources */ = {isa = PBXBuildFile; fileRef = 925F23A71F1513EE006C44A2 /* XGRotatingImageAnimation.m */; };
		925F24231F1513EE006C44A2 /* EFLStringHelper.h in Headers */ = {isa = PBXBuildFile; fileRef = 925F23AD1F1513EE006C44A2 /* EFLStringHelper.h */; settings = {ATTRIBUTES = (Public, ); }; };
		925F24241F1513EE006C44A2 /* EFLStringHelper.m in Sources */ = {isa = PBXBuildFile; fileRef = 925F23AE1F1513EE006C44A2 /* EFLStringHelper.m */; };
		925F24251F1513EE006C44A2 /* NSArray+XGEnum.h in Headers */ = {isa = PBXBuildFile; fileRef = 925F23AF1F1513EE006C44A2 /* NSArray+XGEnum.h */; settings = {ATTRIBUTES = (Public, ); }; };
		925F24261F1513EE006C44A2 /* NSArray+XGEnum.m in Sources */ = {isa = PBXBuildFile; fileRef = 925F23B01F1513EE006C44A2 /* NSArray+XGEnum.m */; };
		925F24271F1513EE006C44A2 /* NSBundle+XGUtils.h in Headers */ = {isa = PBXBuildFile; fileRef = 925F23B11F1513EE006C44A2 /* NSBundle+XGUtils.h */; settings = {ATTRIBUTES = (Public, ); }; };
		925F24281F1513EE006C44A2 /* NSBundle+XGUtils.m in Sources */ = {isa = PBXBuildFile; fileRef = 925F23B21F1513EE006C44A2 /* NSBundle+XGUtils.m */; };
		925F24291F1513EE006C44A2 /* NSDate+Utilities.h in Headers */ = {isa = PBXBuildFile; fileRef = 925F23B31F1513EE006C44A2 /* NSDate+Utilities.h */; settings = {ATTRIBUTES = (Public, ); }; };
		925F242A1F1513EE006C44A2 /* NSDate+Utilities.m in Sources */ = {isa = PBXBuildFile; fileRef = 925F23B41F1513EE006C44A2 /* NSDate+Utilities.m */; };
		925F242B1F1513EE006C44A2 /* NSDate+XGBetween.h in Headers */ = {isa = PBXBuildFile; fileRef = 925F23B51F1513EE006C44A2 /* NSDate+XGBetween.h */; settings = {ATTRIBUTES = (Public, ); }; };
		925F242C1F1513EE006C44A2 /* NSDate+XGBetween.m in Sources */ = {isa = PBXBuildFile; fileRef = 925F23B61F1513EE006C44A2 /* NSDate+XGBetween.m */; };
		925F242F1F1513EE006C44A2 /* NSNotificationCenter+PostToMainThread.h in Headers */ = {isa = PBXBuildFile; fileRef = 925F23B91F1513EE006C44A2 /* NSNotificationCenter+PostToMainThread.h */; settings = {ATTRIBUTES = (Public, ); }; };
		925F24301F1513EE006C44A2 /* NSNotificationCenter+PostToMainThread.m in Sources */ = {isa = PBXBuildFile; fileRef = 925F23BA1F1513EE006C44A2 /* NSNotificationCenter+PostToMainThread.m */; };
		925F24311F1513EE006C44A2 /* UIView+XGConstraints.h in Headers */ = {isa = PBXBuildFile; fileRef = 925F23BB1F1513EE006C44A2 /* UIView+XGConstraints.h */; settings = {ATTRIBUTES = (Public, ); }; };
		925F24321F1513EE006C44A2 /* UIView+XGConstraints.m in Sources */ = {isa = PBXBuildFile; fileRef = 925F23BC1F1513EE006C44A2 /* UIView+XGConstraints.m */; };
		925F24351F1513EE006C44A2 /* XGRunOnMainThread.h in Headers */ = {isa = PBXBuildFile; fileRef = 925F23BF1F1513EE006C44A2 /* XGRunOnMainThread.h */; settings = {ATTRIBUTES = (Public, ); }; };
		925F24361F1513EE006C44A2 /* NSLayoutConstraint+Utils.h in Headers */ = {isa = PBXBuildFile; fileRef = 925F23C11F1513EE006C44A2 /* NSLayoutConstraint+Utils.h */; settings = {ATTRIBUTES = (Public, ); }; };
		925F24371F1513EE006C44A2 /* NSLayoutConstraint+Utils.m in Sources */ = {isa = PBXBuildFile; fileRef = 925F23C21F1513EE006C44A2 /* NSLayoutConstraint+Utils.m */; };
		925F24381F1513EE006C44A2 /* UIImage+ImageEffects.h in Headers */ = {isa = PBXBuildFile; fileRef = 925F23C31F1513EE006C44A2 /* UIImage+ImageEffects.h */; settings = {ATTRIBUTES = (Public, ); }; };
		925F24391F1513EE006C44A2 /* UIImage+ImageEffects.m in Sources */ = {isa = PBXBuildFile; fileRef = 925F23C41F1513EE006C44A2 /* UIImage+ImageEffects.m */; };
		925F243A1F1513EE006C44A2 /* UIImage+XGUtils.h in Headers */ = {isa = PBXBuildFile; fileRef = 925F23C51F1513EE006C44A2 /* UIImage+XGUtils.h */; settings = {ATTRIBUTES = (Public, ); }; };
		925F243B1F1513EE006C44A2 /* UIImage+XGUtils.m in Sources */ = {isa = PBXBuildFile; fileRef = 925F23C61F1513EE006C44A2 /* UIImage+XGUtils.m */; };
		925F243C1F1513EE006C44A2 /* UINavigationController+XGOrientationFix.h in Headers */ = {isa = PBXBuildFile; fileRef = 925F23C81F1513EE006C44A2 /* UINavigationController+XGOrientationFix.h */; settings = {ATTRIBUTES = (Public, ); }; };
		925F243D1F1513EE006C44A2 /* UINavigationController+XGOrientationFix.m in Sources */ = {isa = PBXBuildFile; fileRef = 925F23C91F1513EE006C44A2 /* UINavigationController+XGOrientationFix.m */; };
		925F243E1F1513EE006C44A2 /* UINavigationController+XGTracking.h in Headers */ = {isa = PBXBuildFile; fileRef = 925F23CA1F1513EE006C44A2 /* UINavigationController+XGTracking.h */; settings = {ATTRIBUTES = (Public, ); }; };
		925F243F1F1513EE006C44A2 /* UINavigationController+XGTracking.m in Sources */ = {isa = PBXBuildFile; fileRef = 925F23CB1F1513EE006C44A2 /* UINavigationController+XGTracking.m */; };
		925F24401F1513EE006C44A2 /* UIViewController+XGAfterViewDidLoad.h in Headers */ = {isa = PBXBuildFile; fileRef = 925F23CC1F1513EE006C44A2 /* UIViewController+XGAfterViewDidLoad.h */; settings = {ATTRIBUTES = (Public, ); }; };
		925F24411F1513EE006C44A2 /* UIViewController+XGAfterViewDidLoad.m in Sources */ = {isa = PBXBuildFile; fileRef = 925F23CD1F1513EE006C44A2 /* UIViewController+XGAfterViewDidLoad.m */; };
		925F24421F1513EE006C44A2 /* UIViewController+XGTracking.h in Headers */ = {isa = PBXBuildFile; fileRef = 925F23CE1F1513EE006C44A2 /* UIViewController+XGTracking.h */; settings = {ATTRIBUTES = (Public, ); }; };
		925F24431F1513EE006C44A2 /* UIViewController+XGTracking.m in Sources */ = {isa = PBXBuildFile; fileRef = 925F23CF1F1513EE006C44A2 /* UIViewController+XGTracking.m */; };
		925F24441F1513EE006C44A2 /* XGRuntimeHelper.h in Headers */ = {isa = PBXBuildFile; fileRef = 925F23D01F1513EE006C44A2 /* XGRuntimeHelper.h */; settings = {ATTRIBUTES = (Public, ); }; };
		925F24451F1513EE006C44A2 /* XGRuntimeHelper.m in Sources */ = {isa = PBXBuildFile; fileRef = 925F23D11F1513EE006C44A2 /* XGRuntimeHelper.m */; };
		925F24671F1513EE006C44A2 /* TemplateSingleton.h in Headers */ = {isa = PBXBuildFile; fileRef = 925F23F81F1513EE006C44A2 /* TemplateSingleton.h */; settings = {ATTRIBUTES = (Public, ); }; };
		925F24781F1513EE006C44A2 /* XGEssentialsDefines.h in Headers */ = {isa = PBXBuildFile; fileRef = 925F240A1F1513EE006C44A2 /* XGEssentialsDefines.h */; settings = {ATTRIBUTES = (Public, ); }; };
		925F247B1F1513EE006C44A2 /* XGEssentials.h in Headers */ = {isa = PBXBuildFile; fileRef = 925F240D1F1513EE006C44A2 /* XGEssentials.h */; settings = {ATTRIBUTES = (Public, ); }; };
		925F247C1F1513EE006C44A2 /* XGEssentials.pch in Headers */ = {isa = PBXBuildFile; fileRef = 925F240E1F1513EE006C44A2 /* XGEssentials.pch */; settings = {ATTRIBUTES = (Public, ); }; };
		928556CA1F164C66005F7614 /* XGCommon.framework in Frameworks */ = {isa = PBXBuildFile; fileRef = 928556C91F164C66005F7614 /* XGCommon.framework */; };
/* End PBXBuildFile section */

/* Begin PBXFileReference section */
		925F23A31F1513EE006C44A2 /* XGActivityIndicatorAnimationProtocol.h */ = {isa = PBXFileReference; fileEncoding = 4; lastKnownFileType = sourcecode.c.h; path = XGActivityIndicatorAnimationProtocol.h; sourceTree = "<group>"; };
		925F23A41F1513EE006C44A2 /* XGRotatingImageActivityIndicatorView.h */ = {isa = PBXFileReference; fileEncoding = 4; lastKnownFileType = sourcecode.c.h; path = XGRotatingImageActivityIndicatorView.h; sourceTree = "<group>"; };
		925F23A51F1513EE006C44A2 /* XGRotatingImageActivityIndicatorView.m */ = {isa = PBXFileReference; fileEncoding = 4; lastKnownFileType = sourcecode.c.objc; path = XGRotatingImageActivityIndicatorView.m; sourceTree = "<group>"; };
		925F23A61F1513EE006C44A2 /* XGRotatingImageAnimation.h */ = {isa = PBXFileReference; fileEncoding = 4; lastKnownFileType = sourcecode.c.h; path = XGRotatingImageAnimation.h; sourceTree = "<group>"; };
		925F23A71F1513EE006C44A2 /* XGRotatingImageAnimation.m */ = {isa = PBXFileReference; fileEncoding = 4; lastKnownFileType = sourcecode.c.objc; path = XGRotatingImageAnimation.m; sourceTree = "<group>"; };
		925F23AD1F1513EE006C44A2 /* EFLStringHelper.h */ = {isa = PBXFileReference; fileEncoding = 4; lastKnownFileType = sourcecode.c.h; path = EFLStringHelper.h; sourceTree = "<group>"; };
		925F23AE1F1513EE006C44A2 /* EFLStringHelper.m */ = {isa = PBXFileReference; fileEncoding = 4; lastKnownFileType = sourcecode.c.objc; path = EFLStringHelper.m; sourceTree = "<group>"; };
		925F23AF1F1513EE006C44A2 /* NSArray+XGEnum.h */ = {isa = PBXFileReference; fileEncoding = 4; lastKnownFileType = sourcecode.c.h; path = "NSArray+XGEnum.h"; sourceTree = "<group>"; };
		925F23B01F1513EE006C44A2 /* NSArray+XGEnum.m */ = {isa = PBXFileReference; fileEncoding = 4; lastKnownFileType = sourcecode.c.objc; path = "NSArray+XGEnum.m"; sourceTree = "<group>"; };
		925F23B11F1513EE006C44A2 /* NSBundle+XGUtils.h */ = {isa = PBXFileReference; fileEncoding = 4; lastKnownFileType = sourcecode.c.h; path = "NSBundle+XGUtils.h"; sourceTree = "<group>"; };
		925F23B21F1513EE006C44A2 /* NSBundle+XGUtils.m */ = {isa = PBXFileReference; fileEncoding = 4; lastKnownFileType = sourcecode.c.objc; path = "NSBundle+XGUtils.m"; sourceTree = "<group>"; };
		925F23B31F1513EE006C44A2 /* NSDate+Utilities.h */ = {isa = PBXFileReference; fileEncoding = 4; lastKnownFileType = sourcecode.c.h; path = "NSDate+Utilities.h"; sourceTree = "<group>"; };
		925F23B41F1513EE006C44A2 /* NSDate+Utilities.m */ = {isa = PBXFileReference; fileEncoding = 4; lastKnownFileType = sourcecode.c.objc; path = "NSDate+Utilities.m"; sourceTree = "<group>"; };
		925F23B51F1513EE006C44A2 /* NSDate+XGBetween.h */ = {isa = PBXFileReference; fileEncoding = 4; lastKnownFileType = sourcecode.c.h; path = "NSDate+XGBetween.h"; sourceTree = "<group>"; };
		925F23B61F1513EE006C44A2 /* NSDate+XGBetween.m */ = {isa = PBXFileReference; fileEncoding = 4; lastKnownFileType = sourcecode.c.objc; path = "NSDate+XGBetween.m"; sourceTree = "<group>"; };
		925F23B91F1513EE006C44A2 /* NSNotificationCenter+PostToMainThread.h */ = {isa = PBXFileReference; fileEncoding = 4; lastKnownFileType = sourcecode.c.h; path = "NSNotificationCenter+PostToMainThread.h"; sourceTree = "<group>"; };
		925F23BA1F1513EE006C44A2 /* NSNotificationCenter+PostToMainThread.m */ = {isa = PBXFileReference; fileEncoding = 4; lastKnownFileType = sourcecode.c.objc; path = "NSNotificationCenter+PostToMainThread.m"; sourceTree = "<group>"; };
		925F23BB1F1513EE006C44A2 /* UIView+XGConstraints.h */ = {isa = PBXFileReference; fileEncoding = 4; lastKnownFileType = sourcecode.c.h; path = "UIView+XGConstraints.h"; sourceTree = "<group>"; };
		925F23BC1F1513EE006C44A2 /* UIView+XGConstraints.m */ = {isa = PBXFileReference; fileEncoding = 4; lastKnownFileType = sourcecode.c.objc; path = "UIView+XGConstraints.m"; sourceTree = "<group>"; };
		925F23BF1F1513EE006C44A2 /* XGRunOnMainThread.h */ = {isa = PBXFileReference; fileEncoding = 4; lastKnownFileType = sourcecode.c.h; path = XGRunOnMainThread.h; sourceTree = "<group>"; };
		925F23C11F1513EE006C44A2 /* NSLayoutConstraint+Utils.h */ = {isa = PBXFileReference; fileEncoding = 4; lastKnownFileType = sourcecode.c.h; path = "NSLayoutConstraint+Utils.h"; sourceTree = "<group>"; };
		925F23C21F1513EE006C44A2 /* NSLayoutConstraint+Utils.m */ = {isa = PBXFileReference; fileEncoding = 4; lastKnownFileType = sourcecode.c.objc; path = "NSLayoutConstraint+Utils.m"; sourceTree = "<group>"; };
		925F23C31F1513EE006C44A2 /* UIImage+ImageEffects.h */ = {isa = PBXFileReference; fileEncoding = 4; lastKnownFileType = sourcecode.c.h; path = "UIImage+ImageEffects.h"; sourceTree = "<group>"; };
		925F23C41F1513EE006C44A2 /* UIImage+ImageEffects.m */ = {isa = PBXFileReference; fileEncoding = 4; lastKnownFileType = sourcecode.c.objc; path = "UIImage+ImageEffects.m"; sourceTree = "<group>"; };
		925F23C51F1513EE006C44A2 /* UIImage+XGUtils.h */ = {isa = PBXFileReference; fileEncoding = 4; lastKnownFileType = sourcecode.c.h; path = "UIImage+XGUtils.h"; sourceTree = "<group>"; };
		925F23C61F1513EE006C44A2 /* UIImage+XGUtils.m */ = {isa = PBXFileReference; fileEncoding = 4; lastKnownFileType = sourcecode.c.objc; path = "UIImage+XGUtils.m"; sourceTree = "<group>"; };
		925F23C81F1513EE006C44A2 /* UINavigationController+XGOrientationFix.h */ = {isa = PBXFileReference; fileEncoding = 4; lastKnownFileType = sourcecode.c.h; path = "UINavigationController+XGOrientationFix.h"; sourceTree = "<group>"; };
		925F23C91F1513EE006C44A2 /* UINavigationController+XGOrientationFix.m */ = {isa = PBXFileReference; fileEncoding = 4; lastKnownFileType = sourcecode.c.objc; path = "UINavigationController+XGOrientationFix.m"; sourceTree = "<group>"; };
		925F23CA1F1513EE006C44A2 /* UINavigationController+XGTracking.h */ = {isa = PBXFileReference; fileEncoding = 4; lastKnownFileType = sourcecode.c.h; path = "UINavigationController+XGTracking.h"; sourceTree = "<group>"; };
		925F23CB1F1513EE006C44A2 /* UINavigationController+XGTracking.m */ = {isa = PBXFileReference; fileEncoding = 4; lastKnownFileType = sourcecode.c.objc; path = "UINavigationController+XGTracking.m"; sourceTree = "<group>"; };
		925F23CC1F1513EE006C44A2 /* UIViewController+XGAfterViewDidLoad.h */ = {isa = PBXFileReference; fileEncoding = 4; lastKnownFileType = sourcecode.c.h; path = "UIViewController+XGAfterViewDidLoad.h"; sourceTree = "<group>"; };
		925F23CD1F1513EE006C44A2 /* UIViewController+XGAfterViewDidLoad.m */ = {isa = PBXFileReference; fileEncoding = 4; lastKnownFileType = sourcecode.c.objc; path = "UIViewController+XGAfterViewDidLoad.m"; sourceTree = "<group>"; };
		925F23CE1F1513EE006C44A2 /* UIViewController+XGTracking.h */ = {isa = PBXFileReference; fileEncoding = 4; lastKnownFileType = sourcecode.c.h; path = "UIViewController+XGTracking.h"; sourceTree = "<group>"; };
		925F23CF1F1513EE006C44A2 /* UIViewController+XGTracking.m */ = {isa = PBXFileReference; fileEncoding = 4; lastKnownFileType = sourcecode.c.objc; path = "UIViewController+XGTracking.m"; sourceTree = "<group>"; };
		925F23D01F1513EE006C44A2 /* XGRuntimeHelper.h */ = {isa = PBXFileReference; fileEncoding = 4; lastKnownFileType = sourcecode.c.h; path = XGRuntimeHelper.h; sourceTree = "<group>"; };
		925F23D11F1513EE006C44A2 /* XGRuntimeHelper.m */ = {isa = PBXFileReference; fileEncoding = 4; lastKnownFileType = sourcecode.c.objc; path = XGRuntimeHelper.m; sourceTree = "<group>"; };
		925F23F81F1513EE006C44A2 /* TemplateSingleton.h */ = {isa = PBXFileReference; fileEncoding = 4; lastKnownFileType = sourcecode.c.h; path = TemplateSingleton.h; sourceTree = "<group>"; };
		925F240A1F1513EE006C44A2 /* XGEssentialsDefines.h */ = {isa = PBXFileReference; fileEncoding = 4; lastKnownFileType = sourcecode.c.h; path = XGEssentialsDefines.h; sourceTree = "<group>"; };
		925F240C1F1513EE006C44A2 /* Info.plist */ = {isa = PBXFileReference; fileEncoding = 4; lastKnownFileType = text.plist.xml; path = Info.plist; sourceTree = "<group>"; };
		925F240D1F1513EE006C44A2 /* XGEssentials.h */ = {isa = PBXFileReference; fileEncoding = 4; lastKnownFileType = sourcecode.c.h; path = XGEssentials.h; sourceTree = "<group>"; };
		925F240E1F1513EE006C44A2 /* XGEssentials.pch */ = {isa = PBXFileReference; fileEncoding = 4; lastKnownFileType = sourcecode.c.h; path = XGEssentials.pch; sourceTree = "<group>"; };
		928556C91F164C66005F7614 /* XGCommon.framework */ = {isa = PBXFileReference; lastKnownFileType = wrapper.framework; name = XGCommon.framework; path = "../XGCommon/build/Debug-iphoneos/XGCommon.framework"; sourceTree = "<group>"; };
		92C7BBB01EF952D5002EE369 /* XGEssentials.framework */ = {isa = PBXFileReference; explicitFileType = wrapper.framework; includeInIndex = 0; path = XGEssentials.framework; sourceTree = BUILT_PRODUCTS_DIR; };
/* End PBXFileReference section */

/* Begin PBXFrameworksBuildPhase section */
		92C7BBAC1EF952D5002EE369 /* Frameworks */ = {
			isa = PBXFrameworksBuildPhase;
			buildActionMask = 2147483647;
			files = (
				928556CA1F164C66005F7614 /* XGCommon.framework in Frameworks */,
			);
			runOnlyForDeploymentPostprocessing = 0;
		};
/* End PBXFrameworksBuildPhase section */

/* Begin PBXGroup section */
		925F23921F1513EE006C44A2 /* XGEssentials */ = {
			isa = PBXGroup;
			children = (
				925F23931F1513EE006C44A2 /* Code */,
				925F240C1F1513EE006C44A2 /* Info.plist */,
				925F240D1F1513EE006C44A2 /* XGEssentials.h */,
				925F240E1F1513EE006C44A2 /* XGEssentials.pch */,
			);
			path = XGEssentials;
			sourceTree = "<group>";
		};
		925F23931F1513EE006C44A2 /* Code */ = {
			isa = PBXGroup;
			children = (
				925F239F1F1513EE006C44A2 /* Controls */,
				925F23AC1F1513EE006C44A2 /* Etc */,
				925F23C01F1513EE006C44A2 /* Graphics */,
				925F23C71F1513EE006C44A2 /* Hacks */,
				925F23F81F1513EE006C44A2 /* TemplateSingleton.h */,
				925F240A1F1513EE006C44A2 /* XGEssentialsDefines.h */,
			);
			path = Code;
			sourceTree = "<group>";
		};
		925F239F1F1513EE006C44A2 /* Controls */ = {
			isa = PBXGroup;
			children = (
				925F23A21F1513EE006C44A2 /* RotatingImage */,
			);
			path = Controls;
			sourceTree = "<group>";
		};
		925F23A21F1513EE006C44A2 /* RotatingImage */ = {
			isa = PBXGroup;
			children = (
				925F23A31F1513EE006C44A2 /* XGActivityIndicatorAnimationProtocol.h */,
				925F23A41F1513EE006C44A2 /* XGRotatingImageActivityIndicatorView.h */,
				925F23A51F1513EE006C44A2 /* XGRotatingImageActivityIndicatorView.m */,
				925F23A61F1513EE006C44A2 /* XGRotatingImageAnimation.h */,
				925F23A71F1513EE006C44A2 /* XGRotatingImageAnimation.m */,
			);
			path = RotatingImage;
			sourceTree = "<group>";
		};
		925F23AC1F1513EE006C44A2 /* Etc */ = {
			isa = PBXGroup;
			children = (
				925F23AD1F1513EE006C44A2 /* EFLStringHelper.h */,
				925F23AE1F1513EE006C44A2 /* EFLStringHelper.m */,
				925F23AF1F1513EE006C44A2 /* NSArray+XGEnum.h */,
				925F23B01F1513EE006C44A2 /* NSArray+XGEnum.m */,
				925F23B11F1513EE006C44A2 /* NSBundle+XGUtils.h */,
				925F23B21F1513EE006C44A2 /* NSBundle+XGUtils.m */,
				925F23B31F1513EE006C44A2 /* NSDate+Utilities.h */,
				925F23B41F1513EE006C44A2 /* NSDate+Utilities.m */,
				925F23B51F1513EE006C44A2 /* NSDate+XGBetween.h */,
				925F23B61F1513EE006C44A2 /* NSDate+XGBetween.m */,
				925F23B91F1513EE006C44A2 /* NSNotificationCenter+PostToMainThread.h */,
				925F23BA1F1513EE006C44A2 /* NSNotificationCenter+PostToMainThread.m */,
				925F23BB1F1513EE006C44A2 /* UIView+XGConstraints.h */,
				925F23BC1F1513EE006C44A2 /* UIView+XGConstraints.m */,
				925F23BF1F1513EE006C44A2 /* XGRunOnMainThread.h */,
			);
			path = Etc;
			sourceTree = "<group>";
		};
		925F23C01F1513EE006C44A2 /* Graphics */ = {
			isa = PBXGroup;
			children = (
				925F23C11F1513EE006C44A2 /* NSLayoutConstraint+Utils.h */,
				925F23C21F1513EE006C44A2 /* NSLayoutConstraint+Utils.m */,
				925F23C31F1513EE006C44A2 /* UIImage+ImageEffects.h */,
				925F23C41F1513EE006C44A2 /* UIImage+ImageEffects.m */,
				925F23C51F1513EE006C44A2 /* UIImage+XGUtils.h */,
				925F23C61F1513EE006C44A2 /* UIImage+XGUtils.m */,
			);
			path = Graphics;
			sourceTree = "<group>";
		};
		925F23C71F1513EE006C44A2 /* Hacks */ = {
			isa = PBXGroup;
			children = (
				925F23C81F1513EE006C44A2 /* UINavigationController+XGOrientationFix.h */,
				925F23C91F1513EE006C44A2 /* UINavigationController+XGOrientationFix.m */,
				925F23CA1F1513EE006C44A2 /* UINavigationController+XGTracking.h */,
				925F23CB1F1513EE006C44A2 /* UINavigationController+XGTracking.m */,
				925F23CC1F1513EE006C44A2 /* UIViewController+XGAfterViewDidLoad.h */,
				925F23CD1F1513EE006C44A2 /* UIViewController+XGAfterViewDidLoad.m */,
				925F23CE1F1513EE006C44A2 /* UIViewController+XGTracking.h */,
				925F23CF1F1513EE006C44A2 /* UIViewController+XGTracking.m */,
				925F23D01F1513EE006C44A2 /* XGRuntimeHelper.h */,
				925F23D11F1513EE006C44A2 /* XGRuntimeHelper.m */,
			);
			path = Hacks;
			sourceTree = "<group>";
		};
		928556C81F164C65005F7614 /* Frameworks */ = {
			isa = PBXGroup;
			children = (
				928556C91F164C66005F7614 /* XGCommon.framework */,
			);
			name = Frameworks;
			sourceTree = "<group>";
		};
		92C7BBA61EF952D5002EE369 = {
			isa = PBXGroup;
			children = (
				925F23921F1513EE006C44A2 /* XGEssentials */,
				92C7BBB11EF952D5002EE369 /* Products */,
				928556C81F164C65005F7614 /* Frameworks */,
			);
			sourceTree = "<group>";
		};
		92C7BBB11EF952D5002EE369 /* Products */ = {
			isa = PBXGroup;
			children = (
				92C7BBB01EF952D5002EE369 /* XGEssentials.framework */,
			);
			name = Products;
			sourceTree = "<group>";
		};
/* End PBXGroup section */

/* Begin PBXHeadersBuildPhase section */
		92C7BBAD1EF952D5002EE369 /* Headers */ = {
			isa = PBXHeadersBuildPhase;
			buildActionMask = 2147483647;
			files = (
				925F24271F1513EE006C44A2 /* NSBundle+XGUtils.h in Headers */,
				925F242F1F1513EE006C44A2 /* NSNotificationCenter+PostToMainThread.h in Headers */,
				925F24251F1513EE006C44A2 /* NSArray+XGEnum.h in Headers */,
				925F243A1F1513EE006C44A2 /* UIImage+XGUtils.h in Headers */,
				925F24311F1513EE006C44A2 /* UIView+XGConstraints.h in Headers */,
				925F24231F1513EE006C44A2 /* EFLStringHelper.h in Headers */,
				925F24441F1513EE006C44A2 /* XGRuntimeHelper.h in Headers */,
				925F243C1F1513EE006C44A2 /* UINavigationController+XGOrientationFix.h in Headers */,
				925F24421F1513EE006C44A2 /* UIViewController+XGTracking.h in Headers */,
				925F24381F1513EE006C44A2 /* UIImage+ImageEffects.h in Headers */,
				925F241B1F1513EE006C44A2 /* XGRotatingImageActivityIndicatorView.h in Headers */,
				925F241A1F1513EE006C44A2 /* XGActivityIndicatorAnimationProtocol.h in Headers */,
				925F241D1F1513EE006C44A2 /* XGRotatingImageAnimation.h in Headers */,
				925F24401F1513EE006C44A2 /* UIViewController+XGAfterViewDidLoad.h in Headers */,
				925F24351F1513EE006C44A2 /* XGRunOnMainThread.h in Headers */,
				925F24361F1513EE006C44A2 /* NSLayoutConstraint+Utils.h in Headers */,
				925F243E1F1513EE006C44A2 /* UINavigationController+XGTracking.h in Headers */,
				925F24291F1513EE006C44A2 /* NSDate+Utilities.h in Headers */,
				925F247C1F1513EE006C44A2 /* XGEssentials.pch in Headers */,
				925F24671F1513EE006C44A2 /* TemplateSingleton.h in Headers */,
				925F247B1F1513EE006C44A2 /* XGEssentials.h in Headers */,
				925F24781F1513EE006C44A2 /* XGEssentialsDefines.h in Headers */,
				925F242B1F1513EE006C44A2 /* NSDate+XGBetween.h in Headers */,
			);
			runOnlyForDeploymentPostprocessing = 0;
		};
/* End PBXHeadersBuildPhase section */

/* Begin PBXNativeTarget section */
		92C7BBAF1EF952D5002EE369 /* XGEssentials */ = {
			isa = PBXNativeTarget;
			buildConfigurationList = 92C7BBB81EF952D5002EE369 /* Build configuration list for PBXNativeTarget "XGEssentials" */;
			buildPhases = (
				92C7BBAB1EF952D5002EE369 /* Sources */,
				92C7BBAC1EF952D5002EE369 /* Frameworks */,
				92C7BBAD1EF952D5002EE369 /* Headers */,
				92C7BBAE1EF952D5002EE369 /* Resources */,
			);
			buildRules = (
			);
			dependencies = (
			);
			name = XGEssentials;
			productName = XGCommon;
			productReference = 92C7BBB01EF952D5002EE369 /* XGEssentials.framework */;
			productType = "com.apple.product-type.framework";
		};
/* End PBXNativeTarget section */

/* Begin PBXProject section */
		92C7BBA71EF952D5002EE369 /* Project object */ = {
			isa = PBXProject;
			attributes = {
				LastUpgradeCheck = 0830;
				ORGANIZATIONNAME = Emanor;
				TargetAttributes = {
					92C7BBAF1EF952D5002EE369 = {
						CreatedOnToolsVersion = 8.3.3;
						DevelopmentTeam = 3G3BBTBF46;
						ProvisioningStyle = Automatic;
					};
				};
			};
			buildConfigurationList = 92C7BBAA1EF952D5002EE369 /* Build configuration list for PBXProject "XGEssentials" */;
			compatibilityVersion = "Xcode 3.2";
			developmentRegion = English;
			hasScannedForEncodings = 0;
			knownRegions = (
				en,
			);
			mainGroup = 92C7BBA61EF952D5002EE369;
			productRefGroup = 92C7BBB11EF952D5002EE369 /* Products */;
			projectDirPath = "";
			projectRoot = "";
			targets = (
				92C7BBAF1EF952D5002EE369 /* XGEssentials */,
			);
		};
/* End PBXProject section */

/* Begin PBXResourcesBuildPhase section */
		92C7BBAE1EF952D5002EE369 /* Resources */ = {
			isa = PBXResourcesBuildPhase;
			buildActionMask = 2147483647;
			files = (
			);
			runOnlyForDeploymentPostprocessing = 0;
		};
/* End PBXResourcesBuildPhase section */

/* Begin PBXSourcesBuildPhase section */
		92C7BBAB1EF952D5002EE369 /* Sources */ = {
			isa = PBXSourcesBuildPhase;
			buildActionMask = 2147483647;
			files = (
				925F241E1F1513EE006C44A2 /* XGRotatingImageAnimation.m in Sources */,
				925F242A1F1513EE006C44A2 /* NSDate+Utilities.m in Sources */,
				925F24451F1513EE006C44A2 /* XGRuntimeHelper.m in Sources */,
				925F24391F1513EE006C44A2 /* UIImage+ImageEffects.m in Sources */,
				925F24241F1513EE006C44A2 /* EFLStringHelper.m in Sources */,
				925F24261F1513EE006C44A2 /* NSArray+XGEnum.m in Sources */,
				925F24431F1513EE006C44A2 /* UIViewController+XGTracking.m in Sources */,
				925F242C1F1513EE006C44A2 /* NSDate+XGBetween.m in Sources */,
				925F24371F1513EE006C44A2 /* NSLayoutConstraint+Utils.m in Sources */,
				925F24411F1513EE006C44A2 /* UIViewController+XGAfterViewDidLoad.m in Sources */,
				925F24321F1513EE006C44A2 /* UIView+XGConstraints.m in Sources */,
				925F241C1F1513EE006C44A2 /* XGRotatingImageActivityIndicatorView.m in Sources */,
				925F24281F1513EE006C44A2 /* NSBundle+XGUtils.m in Sources */,
				925F243B1F1513EE006C44A2 /* UIImage+XGUtils.m in Sources */,
				925F24301F1513EE006C44A2 /* NSNotificationCenter+PostToMainThread.m in Sources */,
				925F243F1F1513EE006C44A2 /* UINavigationController+XGTracking.m in Sources */,
				925F243D1F1513EE006C44A2 /* UINavigationController+XGOrientationFix.m in Sources */,
			);
			runOnlyForDeploymentPostprocessing = 0;
		};
/* End PBXSourcesBuildPhase section */

/* Begin XCBuildConfiguration section */
		92C7BBB61EF952D5002EE369 /* Debug */ = {
			isa = XCBuildConfiguration;
			buildSettings = {
				ALWAYS_SEARCH_USER_PATHS = NO;
				CLANG_ANALYZER_NONNULL = YES;
				CLANG_ANALYZER_NUMBER_OBJECT_CONVERSION = YES_AGGRESSIVE;
				CLANG_CXX_LANGUAGE_STANDARD = "gnu++0x";
				CLANG_CXX_LIBRARY = "libc++";
				CLANG_ENABLE_MODULES = YES;
				CLANG_ENABLE_OBJC_ARC = YES;
				CLANG_WARN_BOOL_CONVERSION = YES;
				CLANG_WARN_CONSTANT_CONVERSION = YES;
				CLANG_WARN_DIRECT_OBJC_ISA_USAGE = YES_ERROR;
				CLANG_WARN_DOCUMENTATION_COMMENTS = YES;
				CLANG_WARN_EMPTY_BODY = YES;
				CLANG_WARN_ENUM_CONVERSION = YES;
				CLANG_WARN_INFINITE_RECURSION = YES;
				CLANG_WARN_INT_CONVERSION = YES;
				CLANG_WARN_OBJC_ROOT_CLASS = YES_ERROR;
				CLANG_WARN_SUSPICIOUS_MOVE = YES;
				CLANG_WARN_UNREACHABLE_CODE = YES;
				CLANG_WARN__DUPLICATE_METHOD_MATCH = YES;
				"CODE_SIGN_IDENTITY[sdk=iphoneos*]" = "iPhone Developer";
				COPY_PHASE_STRIP = NO;
				CURRENT_PROJECT_VERSION = 1;
				DEBUG_INFORMATION_FORMAT = dwarf;
				ENABLE_STRICT_OBJC_MSGSEND = YES;
				ENABLE_TESTABILITY = YES;
				GCC_C_LANGUAGE_STANDARD = gnu99;
				GCC_DYNAMIC_NO_PIC = NO;
				GCC_NO_COMMON_BLOCKS = YES;
				GCC_OPTIMIZATION_LEVEL = 0;
				GCC_PREPROCESSOR_DEFINITIONS = (
					"DEBUG=1",
					"$(inherited)",
				);
				GCC_WARN_64_TO_32_BIT_CONVERSION = YES;
				GCC_WARN_ABOUT_RETURN_TYPE = YES_ERROR;
				GCC_WARN_UNDECLARED_SELECTOR = YES;
				GCC_WARN_UNINITIALIZED_AUTOS = YES_AGGRESSIVE;
				GCC_WARN_UNUSED_FUNCTION = YES;
				GCC_WARN_UNUSED_VARIABLE = YES;
				IPHONEOS_DEPLOYMENT_TARGET = 9.0;
				MTL_ENABLE_DEBUG_INFO = YES;
				ONLY_ACTIVE_ARCH = YES;
				SDKROOT = iphoneos;
				TARGETED_DEVICE_FAMILY = "1,2";
				VERSIONING_SYSTEM = "apple-generic";
				VERSION_INFO_PREFIX = "";
			};
			name = Debug;
		};
		92C7BBB71EF952D5002EE369 /* Release */ = {
			isa = XCBuildConfiguration;
			buildSettings = {
				ALWAYS_SEARCH_USER_PATHS = NO;
				CLANG_ANALYZER_NONNULL = YES;
				CLANG_ANALYZER_NUMBER_OBJECT_CONVERSION = YES_AGGRESSIVE;
				CLANG_CXX_LANGUAGE_STANDARD = "gnu++0x";
				CLANG_CXX_LIBRARY = "libc++";
				CLANG_ENABLE_MODULES = YES;
				CLANG_ENABLE_OBJC_ARC = YES;
				CLANG_WARN_BOOL_CONVERSION = YES;
				CLANG_WARN_CONSTANT_CONVERSION = YES;
				CLANG_WARN_DIRECT_OBJC_ISA_USAGE = YES_ERROR;
				CLANG_WARN_DOCUMENTATION_COMMENTS = YES;
				CLANG_WARN_EMPTY_BODY = YES;
				CLANG_WARN_ENUM_CONVERSION = YES;
				CLANG_WARN_INFINITE_RECURSION = YES;
				CLANG_WARN_INT_CONVERSION = YES;
				CLANG_WARN_OBJC_ROOT_CLASS = YES_ERROR;
				CLANG_WARN_SUSPICIOUS_MOVE = YES;
				CLANG_WARN_UNREACHABLE_CODE = YES;
				CLANG_WARN__DUPLICATE_METHOD_MATCH = YES;
				"CODE_SIGN_IDENTITY[sdk=iphoneos*]" = "iPhone Developer";
				COPY_PHASE_STRIP = NO;
				CURRENT_PROJECT_VERSION = 1;
				DEBUG_INFORMATION_FORMAT = "dwarf-with-dsym";
				ENABLE_NS_ASSERTIONS = NO;
				ENABLE_STRICT_OBJC_MSGSEND = YES;
				GCC_C_LANGUAGE_STANDARD = gnu99;
				GCC_NO_COMMON_BLOCKS = YES;
				GCC_WARN_64_TO_32_BIT_CONVERSION = YES;
				GCC_WARN_ABOUT_RETURN_TYPE = YES_ERROR;
				GCC_WARN_UNDECLARED_SELECTOR = YES;
				GCC_WARN_UNINITIALIZED_AUTOS = YES_AGGRESSIVE;
				GCC_WARN_UNUSED_FUNCTION = YES;
				GCC_WARN_UNUSED_VARIABLE = YES;
				IPHONEOS_DEPLOYMENT_TARGET = 9.0;
				MTL_ENABLE_DEBUG_INFO = NO;
				SDKROOT = iphoneos;
				TARGETED_DEVICE_FAMILY = "1,2";
				VALIDATE_PRODUCT = YES;
				VERSIONING_SYSTEM = "apple-generic";
				VERSION_INFO_PREFIX = "";
			};
			name = Release;
		};
		92C7BBB91EF952D5002EE369 /* Debug */ = {
			isa = XCBuildConfiguration;
			buildSettings = {
				CODE_SIGN_IDENTITY = "";
				DEFINES_MODULE = YES;
				DEVELOPMENT_TEAM = 3G3BBTBF46;
				DYLIB_COMPATIBILITY_VERSION = 1;
				DYLIB_CURRENT_VERSION = 1;
				DYLIB_INSTALL_NAME_BASE = "@rpath";
				GCC_PREFIX_HEADER = "$(PROJECT_NAME)/$(PROJECT_NAME).pch";
				INFOPLIST_FILE = XGEssentials/Info.plist;
				INSTALL_PATH = "$(LOCAL_LIBRARY_DIR)/Frameworks";
				LD_RUNPATH_SEARCH_PATHS = "$(inherited) @executable_path/Frameworks @loader_path/Frameworks";
				PRODUCT_BUNDLE_IDENTIFIER = com.emanor.XGEssentials;
				PRODUCT_NAME = "$(TARGET_NAME)";
				SKIP_INSTALL = YES;
			};
			name = Debug;
		};
		92C7BBBA1EF952D5002EE369 /* Release */ = {
			isa = XCBuildConfiguration;
			buildSettings = {
				CODE_SIGN_IDENTITY = "";
				DEFINES_MODULE = YES;
				DEVELOPMENT_TEAM = 3G3BBTBF46;
				DYLIB_COMPATIBILITY_VERSION = 1;
				DYLIB_CURRENT_VERSION = 1;
				DYLIB_INSTALL_NAME_BASE = "@rpath";
				GCC_PREFIX_HEADER = "$(PROJECT_NAME)/$(PROJECT_NAME).pch";
				INFOPLIST_FILE = XGEssentials/Info.plist;
				INSTALL_PATH = "$(LOCAL_LIBRARY_DIR)/Frameworks";
				LD_RUNPATH_SEARCH_PATHS = "$(inherited) @executable_path/Frameworks @loader_path/Frameworks";
				PRODUCT_BUNDLE_IDENTIFIER = com.emanor.XGEssentials;
				PRODUCT_NAME = "$(TARGET_NAME)";
				SKIP_INSTALL = YES;
			};
			name = Release;
		};
/* End XCBuildConfiguration section */

/* Begin XCConfigurationList section */
		92C7BBAA1EF952D5002EE369 /* Build configuration list for PBXProject "XGEssentials" */ = {
			isa = XCConfigurationList;
			buildConfigurations = (
				92C7BBB61EF952D5002EE369 /* Debug */,
				92C7BBB71EF952D5002EE369 /* Release */,
			);
			defaultConfigurationIsVisible = 0;
			defaultConfigurationName = Release;
		};
		92C7BBB81EF952D5002EE369 /* Build configuration list for PBXNativeTarget "XGEssentials" */ = {
			isa = XCConfigurationList;
			buildConfigurations = (
				92C7BBB91EF952D5002EE369 /* Debug */,
				92C7BBBA1EF952D5002EE369 /* Release */,
			);
			defaultConfigurationIsVisible = 0;
			defaultConfigurationName = Release;
		};
/* End XCConfigurationList section */
	};
	rootObject = 92C7BBA71EF952D5002EE369 /* Project object */;
}
